
Microsoft Visual Studio Solution File, Format Version 12.00
# Visual Studio Version 17
VisualStudioVersion = 17.6.33801.468
MinimumVisualStudioVersion = 10.0.40219.1
Project("{9A19103F-16F7-4668-BE54-9A1E7A4F7556}") = "DotNetBlazor.Server", "DotNetBlazor\Server\DotNetBlazor.Server.csproj", "{54DB38AE-5240-4840-8B28-C835CDA1760E}"
EndProject
Project("{9A19103F-16F7-4668-BE54-9A1E7A4F7556}") = "DotNetBlazor.Client", "DotNetBlazor\Client\DotNetBlazor.Client.csproj", "{099506D4-9FB1-49D5-90D4-8ED2F1CF87B1}"
EndProject
Project("{9A19103F-16F7-4668-BE54-9A1E7A4F7556}") = "DotNetBlazor.Shared", "DotNetBlazor\Shared\DotNetBlazor.Shared.csproj", "{117751FB-0EA3-4365-A745-E063B8E26D07}"
EndProject
Global
	GlobalSection(SolutionConfigurationPlatforms) = preSolution
		Debug|Any CPU = Debug|Any CPU
		Release|Any CPU = Release|Any CPU
	EndGlobalSection
	GlobalSection(ProjectConfigurationPlatforms) = postSolution
		{54DB38AE-5240-4840-8B28-C835CDA1760E}.Debug|Any CPU.ActiveCfg = Debug|Any CPU
		{54DB38AE-5240-4840-8B28-C835CDA1760E}.Debug|Any CPU.Build.0 = Debug|Any CPU
		{54DB38AE-5240-4840-8B28-C835CDA1760E}.Release|Any CPU.ActiveCfg = Release|Any CPU
		{54DB38AE-5240-4840-8B28-C835CDA1760E}.Release|Any CPU.Build.0 = Release|Any CPU
		{099506D4-9FB1-49D5-90D4-8ED2F1CF87B1}.Debug|Any CPU.ActiveCfg = Debug|Any CPU
		{099506D4-9FB1-49D5-90D4-8ED2F1CF87B1}.Debug|Any CPU.Build.0 = Debug|Any CPU
		{099506D4-9FB1-49D5-90D4-8ED2F1CF87B1}.Release|Any CPU.ActiveCfg = Release|Any CPU
		{099506D4-9FB1-49D5-90D4-8ED2F1CF87B1}.Release|Any CPU.Build.0 = Release|Any CPU
		{117751FB-0EA3-4365-A745-E063B8E26D07}.Debug|Any CPU.ActiveCfg = Debug|Any CPU
		{117751FB-0EA3-4365-A745-E063B8E26D07}.Debug|Any CPU.Build.0 = Debug|Any CPU
		{117751FB-0EA3-4365-A745-E063B8E26D07}.Release|Any CPU.ActiveCfg = Release|Any CPU
		{117751FB-0EA3-4365-A745-E063B8E26D07}.Release|Any CPU.Build.0 = Release|Any CPU
	EndGlobalSection
	GlobalSection(SolutionProperties) = preSolution
		HideSolutionNode = FALSE
	EndGlobalSection
	GlobalSection(ExtensibilityGlobals) = postSolution
		SolutionGuid = {9153EE9A-C40E-42A7-9484-3144E188E96B}
	EndGlobalSection
EndGlobal
